
Microsoft Visual Studio Solution File, Format Version 12.00
# Visual Studio Version 16
VisualStudioVersion = 16.0.32126.315
MinimumVisualStudioVersion = 10.0.40219.1
Project("{FAE04EC0-301F-11D3-BF4B-00C04F79EFBC}") = "task1", "task1\task1.csproj", "{EBACC2AF-E01B-42E1-A5D1-A4A91638F1A6}"
EndProject
Project("{FAE04EC0-301F-11D3-BF4B-00C04F79EFBC}") = "task2", "task2\task2.csproj", "{0FC78776-78FB-4935-9E0A-0784D5945F2F}"
EndProject
Global
	GlobalSection(SolutionConfigurationPlatforms) = preSolution
		Debug|Any CPU = Debug|Any CPU
		Release|Any CPU = Release|Any CPU
	EndGlobalSection
	GlobalSection(ProjectConfigurationPlatforms) = postSolution
		{EBACC2AF-E01B-42E1-A5D1-A4A91638F1A6}.Debug|Any CPU.ActiveCfg = Debug|Any CPU
		{EBACC2AF-E01B-42E1-A5D1-A4A91638F1A6}.Debug|Any CPU.Build.0 = Debug|Any CPU
		{EBACC2AF-E01B-42E1-A5D1-A4A91638F1A6}.Release|Any CPU.ActiveCfg = Release|Any CPU
		{EBACC2AF-E01B-42E1-A5D1-A4A91638F1A6}.Release|Any CPU.Build.0 = Release|Any CPU
		{0FC78776-78FB-4935-9E0A-0784D5945F2F}.Debug|Any CPU.ActiveCfg = Debug|Any CPU
		{0FC78776-78FB-4935-9E0A-0784D5945F2F}.Debug|Any CPU.Build.0 = Debug|Any CPU
		{0FC78776-78FB-4935-9E0A-0784D5945F2F}.Release|Any CPU.ActiveCfg = Release|Any CPU
		{0FC78776-78FB-4935-9E0A-0784D5945F2F}.Release|Any CPU.Build.0 = Release|Any CPU
	EndGlobalSection
	GlobalSection(SolutionProperties) = preSolution
		HideSolutionNode = FALSE
	EndGlobalSection
	GlobalSection(ExtensibilityGlobals) = postSolution
		SolutionGuid = {8E5B5CF4-487D-49F2-876F-0079F14D5AC1}
	EndGlobalSection
EndGlobal
