
Microsoft Visual Studio Solution File, Format Version 12.00
# Visual Studio Version 16
VisualStudioVersion = 16.0.32126.315
MinimumVisualStudioVersion = 10.0.40219.1
Project("{FAE04EC0-301F-11D3-BF4B-00C04F79EFBC}") = "OrderSystem", "OrderSystem\OrderSystem.csproj", "{FAEDDB8B-7F74-4AB2-8583-5FFE780536D0}"
EndProject
Global
	GlobalSection(SolutionConfigurationPlatforms) = preSolution
		Debug|Any CPU = Debug|Any CPU
		Release|Any CPU = Release|Any CPU
	EndGlobalSection
	GlobalSection(ProjectConfigurationPlatforms) = postSolution
		{FAEDDB8B-7F74-4AB2-8583-5FFE780536D0}.Debug|Any CPU.ActiveCfg = Debug|Any CPU
		{FAEDDB8B-7F74-4AB2-8583-5FFE780536D0}.Debug|Any CPU.Build.0 = Debug|Any CPU
		{FAEDDB8B-7F74-4AB2-8583-5FFE780536D0}.Release|Any CPU.ActiveCfg = Release|Any CPU
		{FAEDDB8B-7F74-4AB2-8583-5FFE780536D0}.Release|Any CPU.Build.0 = Release|Any CPU
	EndGlobalSection
	GlobalSection(SolutionProperties) = preSolution
		HideSolutionNode = FALSE
	EndGlobalSection
	GlobalSection(ExtensibilityGlobals) = postSolution
		SolutionGuid = {2F88476A-391A-4B94-9A70-3E6B422A9A03}
	EndGlobalSection
EndGlobal
