
Microsoft Visual Studio Solution File, Format Version 12.00
# Visual Studio Version 16
VisualStudioVersion = 16.0.32126.315
MinimumVisualStudioVersion = 10.0.40219.1
Project("{FAE04EC0-301F-11D3-BF4B-00C04F79EFBC}") = "task1", "task1\task1.csproj", "{1A3DF41D-1D74-4EFC-A132-DD506CFE6E44}"
EndProject
Project("{FAE04EC0-301F-11D3-BF4B-00C04F79EFBC}") = "task2", "task2\task2.csproj", "{FE17A38A-C03E-4A93-ACE3-984D5E1E4329}"
EndProject
Global
	GlobalSection(SolutionConfigurationPlatforms) = preSolution
		Debug|Any CPU = Debug|Any CPU
		Release|Any CPU = Release|Any CPU
	EndGlobalSection
	GlobalSection(ProjectConfigurationPlatforms) = postSolution
		{1A3DF41D-1D74-4EFC-A132-DD506CFE6E44}.Debug|Any CPU.ActiveCfg = Debug|Any CPU
		{1A3DF41D-1D74-4EFC-A132-DD506CFE6E44}.Debug|Any CPU.Build.0 = Debug|Any CPU
		{1A3DF41D-1D74-4EFC-A132-DD506CFE6E44}.Release|Any CPU.ActiveCfg = Release|Any CPU
		{1A3DF41D-1D74-4EFC-A132-DD506CFE6E44}.Release|Any CPU.Build.0 = Release|Any CPU
		{FE17A38A-C03E-4A93-ACE3-984D5E1E4329}.Debug|Any CPU.ActiveCfg = Debug|Any CPU
		{FE17A38A-C03E-4A93-ACE3-984D5E1E4329}.Debug|Any CPU.Build.0 = Debug|Any CPU
		{FE17A38A-C03E-4A93-ACE3-984D5E1E4329}.Release|Any CPU.ActiveCfg = Release|Any CPU
		{FE17A38A-C03E-4A93-ACE3-984D5E1E4329}.Release|Any CPU.Build.0 = Release|Any CPU
	EndGlobalSection
	GlobalSection(SolutionProperties) = preSolution
		HideSolutionNode = FALSE
	EndGlobalSection
	GlobalSection(ExtensibilityGlobals) = postSolution
		SolutionGuid = {DCEB29C5-4424-4A4C-9311-63BD0F5830D6}
	EndGlobalSection
EndGlobal
